
Microsoft Visual Studio Solution File, Format Version 12.00
# Visual Studio Version 17
VisualStudioVersion = 17.4.33213.308
MinimumVisualStudioVersion = 10.0.40219.1
Project("{FAE04EC0-301F-11D3-BF4B-00C04F79EFBC}") = "Handbook", "Handbook.csproj", "{D0EF26D9-D64C-4E75-8122-1669FC2CDF2E}"
EndProject
Global
	GlobalSection(SolutionConfigurationPlatforms) = preSolution
		Debug|Any CPU = Debug|Any CPU
		Release|Any CPU = Release|Any CPU
	EndGlobalSection
	GlobalSection(ProjectConfigurationPlatforms) = postSolution
		{D0EF26D9-D64C-4E75-8122-1669FC2CDF2E}.Debug|Any CPU.ActiveCfg = Debug|Any CPU
		{D0EF26D9-D64C-4E75-8122-1669FC2CDF2E}.Debug|Any CPU.Build.0 = Debug|Any CPU
		{D0EF26D9-D64C-4E75-8122-1669FC2CDF2E}.Release|Any CPU.ActiveCfg = Release|Any CPU
		{D0EF26D9-D64C-4E75-8122-1669FC2CDF2E}.Release|Any CPU.Build.0 = Release|Any CPU
	EndGlobalSection
	GlobalSection(SolutionProperties) = preSolution
		HideSolutionNode = FALSE
	EndGlobalSection
	GlobalSection(ExtensibilityGlobals) = postSolution
		SolutionGuid = {E56AE39B-393F-4725-933C-3EFF8DC7E3DB}
	EndGlobalSection
EndGlobal
